
Microsoft Visual Studio Solution File, Format Version 12.00
# Visual Studio 14
VisualStudioVersion = 14.0.23107.0
MinimumVisualStudioVersion = 10.0.40219.1
Project("{FAE04EC0-301F-11D3-BF4B-00C04F79EFBC}") = "OfflineWeb.Core", "OfflineWeb.Core\OfflineWeb.Core.csproj", "{AD227DC0-5496-476A-A07A-51920B48A00E}"
EndProject
Project("{FAE04EC0-301F-11D3-BF4B-00C04F79EFBC}") = "OfflineWeb.Tests", "OfflineWeb.Tests\OfflineWeb.Tests.csproj", "{42184D75-20AC-4CE9-BE34-15015837C29D}"
EndProject
Global
	GlobalSection(SolutionConfigurationPlatforms) = preSolution
		Debug|Any CPU = Debug|Any CPU
		Release|Any CPU = Release|Any CPU
	EndGlobalSection
	GlobalSection(ProjectConfigurationPlatforms) = postSolution
		{AD227DC0-5496-476A-A07A-51920B48A00E}.Debug|Any CPU.ActiveCfg = Debug|Any CPU
		{AD227DC0-5496-476A-A07A-51920B48A00E}.Debug|Any CPU.Build.0 = Debug|Any CPU
		{AD227DC0-5496-476A-A07A-51920B48A00E}.Release|Any CPU.ActiveCfg = Release|Any CPU
		{AD227DC0-5496-476A-A07A-51920B48A00E}.Release|Any CPU.Build.0 = Release|Any CPU
		{42184D75-20AC-4CE9-BE34-15015837C29D}.Debug|Any CPU.ActiveCfg = Debug|Any CPU
		{42184D75-20AC-4CE9-BE34-15015837C29D}.Debug|Any CPU.Build.0 = Debug|Any CPU
		{42184D75-20AC-4CE9-BE34-15015837C29D}.Release|Any CPU.ActiveCfg = Release|Any CPU
		{42184D75-20AC-4CE9-BE34-15015837C29D}.Release|Any CPU.Build.0 = Release|Any CPU
	EndGlobalSection
	GlobalSection(SolutionProperties) = preSolution
		HideSolutionNode = FALSE
	EndGlobalSection
EndGlobal
